
Microsoft Visual Studio Solution File, Format Version 12.00
# Visual Studio Version 17
VisualStudioVersion = 17.11.35312.102
MinimumVisualStudioVersion = 10.0.40219.1
Project("{9A19103F-16F7-4668-BE54-9A1E7A4F7556}") = "BookingApp.Data", "BookingApp.Data\BookingApp.Data.csproj", "{E081292B-2E08-434B-BB96-C3AC09DA97DC}"
EndProject
Project("{9A19103F-16F7-4668-BE54-9A1E7A4F7556}") = "BookingApp.Business", "BookingApp.Business\BookingApp.Business.csproj", "{4499DA5D-24A3-48C4-B886-0FDE9AAE3E3D}"
EndProject
Project("{9A19103F-16F7-4668-BE54-9A1E7A4F7556}") = "BookingApp.WebApi", "BookingApp.WebApi\BookingApp.WebApi.csproj", "{FAB4A5DC-53E1-4DF3-956B-923807664DB5}"
EndProject
Project("{2150E333-8FDC-42A3-9474-1A3956D46DE8}") = "Çözüm Öğeleri", "Çözüm Öğeleri", "{E505911F-017C-40F9-B22C-C784C17F5B54}"
	ProjectSection(SolutionItems) = preProject
		README.md = README.md
	EndProjectSection
EndProject
Global
	GlobalSection(SolutionConfigurationPlatforms) = preSolution
		Debug|Any CPU = Debug|Any CPU
		Release|Any CPU = Release|Any CPU
	EndGlobalSection
	GlobalSection(ProjectConfigurationPlatforms) = postSolution
		{E081292B-2E08-434B-BB96-C3AC09DA97DC}.Debug|Any CPU.ActiveCfg = Debug|Any CPU
		{E081292B-2E08-434B-BB96-C3AC09DA97DC}.Debug|Any CPU.Build.0 = Debug|Any CPU
		{E081292B-2E08-434B-BB96-C3AC09DA97DC}.Release|Any CPU.ActiveCfg = Release|Any CPU
		{E081292B-2E08-434B-BB96-C3AC09DA97DC}.Release|Any CPU.Build.0 = Release|Any CPU
		{4499DA5D-24A3-48C4-B886-0FDE9AAE3E3D}.Debug|Any CPU.ActiveCfg = Debug|Any CPU
		{4499DA5D-24A3-48C4-B886-0FDE9AAE3E3D}.Debug|Any CPU.Build.0 = Debug|Any CPU
		{4499DA5D-24A3-48C4-B886-0FDE9AAE3E3D}.Release|Any CPU.ActiveCfg = Release|Any CPU
		{4499DA5D-24A3-48C4-B886-0FDE9AAE3E3D}.Release|Any CPU.Build.0 = Release|Any CPU
		{FAB4A5DC-53E1-4DF3-956B-923807664DB5}.Debug|Any CPU.ActiveCfg = Debug|Any CPU
		{FAB4A5DC-53E1-4DF3-956B-923807664DB5}.Debug|Any CPU.Build.0 = Debug|Any CPU
		{FAB4A5DC-53E1-4DF3-956B-923807664DB5}.Release|Any CPU.ActiveCfg = Release|Any CPU
		{FAB4A5DC-53E1-4DF3-956B-923807664DB5}.Release|Any CPU.Build.0 = Release|Any CPU
	EndGlobalSection
	GlobalSection(SolutionProperties) = preSolution
		HideSolutionNode = FALSE
	EndGlobalSection
	GlobalSection(ExtensibilityGlobals) = postSolution
		SolutionGuid = {466CDD82-D8D2-45AE-89BB-CB16D8A15113}
	EndGlobalSection
EndGlobal
